PODS:
  - Alamofire (4.9.1)
  - Atributika (4.9.10)
  - IGListDiffKit (4.0.0)
  - IGListKit (4.0.0):
    - IGListDiffKit (= 4.0.0)
  - IQKeyboardManagerSwift (6.5.9)
  - KeychainAccess (4.2.2)
  - PinLayout (1.10.1)
  - R.swift (5.4.0):
    - R.swift.Library (~> 5.3.0)
  - R.swift.Library (5.3.0)
  - SnapKit (5.0.1)
  - SwiftyBeaver (1.9.5)

DEPENDENCIES:
  - Alamofire (~> 4.9.0)
  - Atributika (~> 4.9.0)
  - IGListKit (~> 4.0)
  - IQKeyboardManagerSwift
  - KeychainAccess
  - PinLayout (~> 1.8)
  - R.swift (~> 5.4.0)
  - SnapKit (~> 5.0.0)
  - SwiftyBeaver

SPEC REPOS:
  trunk:
    - Alamofire
    - Atributika
    - IGListDiffKit
    - IGListKit
    - IQKeyboardManagerSwift
    - KeychainAccess
    - PinLayout
    - R.swift
    - R.swift.Library
    - SnapKit
    - SwiftyBeaver

SPEC CHECKSUMS:
  Alamofire: 85e8a02c69d6020a0d734f6054870d7ecb75cf18
  Atributika: cf87f95f1d31d9cdb9af611a2b4e00672e9ae195
  IGListDiffKit: 665d6cf43ce726e676013db9c7d6c4294259b6b2
  IGListKit: fd5a5d21935298f5849fa49d426843cff97b77c7
  IQKeyboardManagerSwift: 6e839c575c4aa1078d58a596e41244e77abe918f
  KeychainAccess: c0c4f7f38f6fc7bbe58f5702e25f7bd2f65abf51
  PinLayout: 8b3199b283d1b34e6b35a71d0202049b67551c96
  R.swift: c533450b0f7dc494e0993f5f1a1db925d84c3006
  R.swift.Library: 0fc583cb55a99e28901299cc451614cad1161962
  SnapKit: 97b92857e3df3a0c71833cce143274bf6ef8e5eb
  SwiftyBeaver: 84069991dd5dca07d7069100985badaca7f0ce82

PODFILE CHECKSUM: cdbb366adbb85aa10c14f0eaf2a27eadb8b9f50e

COCOAPODS: 1.11.2
