PODS:
  - AAInfographics (6.0.0)
  - Alamofire (4.9.1)
  - AppAuth (1.4.0):
    - AppAuth/Core (= 1.4.0)
    - AppAuth/ExternalUserAgent (= 1.4.0)
  - AppAuth/Core (1.4.0)
  - AppAuth/ExternalUserAgent (1.4.0)
  - Atributika (4.9.10)
  - Firebase/Auth (8.13.0):
    - Firebase/CoreOnly
    - FirebaseAuth (~> 8.13.0)
  - Firebase/CoreOnly (8.13.0):
    - FirebaseCore (= 8.13.0)
  - Firebase/Messaging (8.13.0):
    - Firebase/CoreOnly
    - FirebaseMessaging (~> 8.13.0)
  - FirebaseAuth (8.13.0):
    - FirebaseCore (~> 8.0)
    - GoogleUtilities/AppDelegateSwizzler (~> 7.7)
    - GoogleUtilities/Environment (~> 7.7)
    - GTMSessionFetcher/Core (~> 1.5)
  - FirebaseCore (8.13.0):
    - FirebaseCoreDiagnostics (~> 8.0)
    - GoogleUtilities/Environment (~> 7.7)
    - GoogleUtilities/Logger (~> 7.7)
  - FirebaseCoreDiagnostics (8.13.0):
    - GoogleDataTransport (~> 9.1)
    - GoogleUtilities/Environment (~> 7.7)
    - GoogleUtilities/Logger (~> 7.7)
    - nanopb (~> 2.30908.0)
  - FirebaseInstallations (8.14.0):
    - FirebaseCore (~> 8.0)
    - GoogleUtilities/Environment (~> 7.7)
    - GoogleUtilities/UserDefaults (~> 7.7)
    - PromisesObjC (< 3.0, >= 1.2)
  - FirebaseMessaging (8.13.0):
    - FirebaseCore (~> 8.0)
    - FirebaseInstallations (~> 8.0)
    - GoogleDataTransport (~> 9.1)
    - GoogleUtilities/AppDelegateSwizzler (~> 7.7)
    - GoogleUtilities/Environment (~> 7.7)
    - GoogleUtilities/Reachability (~> 7.7)
    - GoogleUtilities/UserDefaults (~> 7.7)
    - nanopb (~> 2.30908.0)
  - GoogleDataTransport (9.1.2):
    - GoogleUtilities/Environment (~> 7.2)
    - nanopb (~> 2.30908.0)
    - PromisesObjC (< 3.0, >= 1.2)
  - GoogleSignIn (6.1.0):
    - AppAuth (~> 1.4)
    - GTMAppAuth (~> 1.0)
    - GTMSessionFetcher/Core (~> 1.1)
  - GoogleUtilities/AppDelegateSwizzler (7.7.0):
    - GoogleUtilities/Environment
    - GoogleUtilities/Logger
    - GoogleUtilities/Network
  - GoogleUtilities/Environment (7.7.0):
    - PromisesObjC (< 3.0, >= 1.2)
  - GoogleUtilities/Logger (7.7.0):
    - GoogleUtilities/Environment
  - GoogleUtilities/Network (7.7.0):
    - GoogleUtilities/Logger
    - "GoogleUtilities/NSData+zlib"
    - GoogleUtilities/Reachability
  - "GoogleUtilities/NSData+zlib (7.7.0)"
  - GoogleUtilities/Reachability (7.7.0):
    - GoogleUtilities/Logger
  - GoogleUtilities/UserDefaults (7.7.0):
    - GoogleUtilities/Logger
  - GTMAppAuth (1.2.2):
    - AppAuth/Core (~> 1.4)
    - GTMSessionFetcher/Core (~> 1.5)
  - GTMSessionFetcher/Core (1.7.0)
  - IGListDiffKit (4.0.0)
  - IGListKit (4.0.0):
    - IGListDiffKit (= 4.0.0)
  - ImageSlideshow (1.9.2):
    - ImageSlideshow/Core (= 1.9.2)
  - ImageSlideshow/Core (1.9.2)
  - ImageSlideshow/Kingfisher (1.9.2):
    - ImageSlideshow/Core
    - Kingfisher (> 3.0)
  - IQKeyboardManagerSwift (6.5.9)
  - KeychainAccess (4.2.2)
  - Kingfisher (7.1.2)
  - MBCheckboxButton (1.4)
  - nanopb (2.30908.0):
    - nanopb/decode (= 2.30908.0)
    - nanopb/encode (= 2.30908.0)
  - nanopb/decode (2.30908.0)
  - nanopb/encode (2.30908.0)
  - PhoneNumberKit (3.3.4):
    - PhoneNumberKit/PhoneNumberKitCore (= 3.3.4)
    - PhoneNumberKit/UIKit (= 3.3.4)
  - PhoneNumberKit/PhoneNumberKitCore (3.3.4)
  - PhoneNumberKit/UIKit (3.3.4):
    - PhoneNumberKit/PhoneNumberKitCore
  - PinLayout (1.10.1)
  - PromisesObjC (2.0.0)
  - R.swift (5.4.0):
    - R.swift.Library (~> 5.3.0)
  - R.swift.Library (5.3.0)
  - RSKPlaceholderTextView (6.1.0)
  - SnapKit (5.0.1)
  - Swift_PageMenu (1.4.2)
  - SwiftLoader (1.0.0)
  - SwiftyBeaver (1.9.5)
  - SwiftyMenu (1.0.1):
    - SnapKit (~> 5.0.1)

DEPENDENCIES:
  - AAInfographics (from `https://github.com/AAChartModel/AAChartKit-Swift.git`)
  - Alamofire (~> 4.9.0)
  - Atributika (~> 4.9.0)
  - Firebase/Auth
  - Firebase/Messaging
  - GoogleSignIn
  - IGListKit
  - "ImageSlideshow (from `git@github.com:zloysergunya/ImageSlideshow.git`)"
  - "ImageSlideshow/Kingfisher (from `git@github.com:zloysergunya/ImageSlideshow.git`)"
  - IQKeyboardManagerSwift
  - KeychainAccess
  - Kingfisher
  - MBCheckboxButton
  - PhoneNumberKit
  - PinLayout (~> 1.8)
  - R.swift (~> 5.4.0)
  - RSKPlaceholderTextView
  - SnapKit (~> 5.0.0)
  - Swift_PageMenu
  - SwiftLoader
  - SwiftyBeaver
  - SwiftyMenu (~> 1.0.1)

SPEC REPOS:
  trunk:
    - Alamofire
    - AppAuth
    - Atributika
    - Firebase
    - FirebaseAuth
    - FirebaseCore
    - FirebaseCoreDiagnostics
    - FirebaseInstallations
    - FirebaseMessaging
    - GoogleDataTransport
    - GoogleSignIn
    - GoogleUtilities
    - GTMAppAuth
    - GTMSessionFetcher
    - IGListDiffKit
    - IGListKit
    - IQKeyboardManagerSwift
    - KeychainAccess
    - Kingfisher
    - MBCheckboxButton
    - nanopb
    - PhoneNumberKit
    - PinLayout
    - PromisesObjC
    - R.swift
    - R.swift.Library
    - RSKPlaceholderTextView
    - SnapKit
    - Swift_PageMenu
    - SwiftLoader
    - SwiftyBeaver
    - SwiftyMenu

EXTERNAL SOURCES:
  AAInfographics:
    :git: https://github.com/AAChartModel/AAChartKit-Swift.git
  ImageSlideshow:
    :git: "git@github.com:zloysergunya/ImageSlideshow.git"

CHECKOUT OPTIONS:
  AAInfographics:
    :commit: 9b6c25bbbd982c97e5bd99b805b516b8f403b36c
    :git: https://github.com/AAChartModel/AAChartKit-Swift.git
  ImageSlideshow:
    :commit: 836b07c89eba8bb911ea727a83d04f2d7b8598be
    :git: "git@github.com:zloysergunya/ImageSlideshow.git"

SPEC CHECKSUMS:
  AAInfographics: e57c6cc15ddc17df3555db6f586fb0e1b911a0b7
  Alamofire: 85e8a02c69d6020a0d734f6054870d7ecb75cf18
  AppAuth: 31bcec809a638d7bd2f86ea8a52bd45f6e81e7c7
  Atributika: cf87f95f1d31d9cdb9af611a2b4e00672e9ae195
  Firebase: ee9b1d9b1801371e29f5591eda89eb5a314ab599
  FirebaseAuth: ee43cf9474641c673a3a215ac92ab99e5630620c
  FirebaseCore: c7e3fa30492e50ccdeef280bf0d5584af38da3e1
  FirebaseCoreDiagnostics: c2836d254a8f0bbb4121ff18f2c2ea39d118fd08
  FirebaseInstallations: 7d1d967a307c12f1aadd76844fc321cef699b1ce
  FirebaseMessaging: 8cddb4c478663611d58c03b353e10dd0ed6468f6
  GoogleDataTransport: 629c20a4d363167143f30ea78320d5a7eb8bd940
  GoogleSignIn: c90b5bec45e780f54c6a8e1e3c182a86e3dda69d
  GoogleUtilities: e0913149f6b0625b553d70dae12b49fc62914fd1
  GTMAppAuth: ad5c2b70b9a8689e1a04033c9369c4915bfcbe89
  GTMSessionFetcher: 43748f93435c2aa068b1cbe39655aaf600652e91
  IGListDiffKit: 665d6cf43ce726e676013db9c7d6c4294259b6b2
  IGListKit: fd5a5d21935298f5849fa49d426843cff97b77c7
  ImageSlideshow: 63a2886dd2c29a1266d340b1f0c916838ad937f6
  IQKeyboardManagerSwift: 6e839c575c4aa1078d58a596e41244e77abe918f
  KeychainAccess: c0c4f7f38f6fc7bbe58f5702e25f7bd2f65abf51
  Kingfisher: 44ed6a8504763f27bab46163adfac83f5deb240c
  MBCheckboxButton: 6ad0b46b111c59ea9dec558e0df1973cee2eb3aa
  nanopb: a0ba3315591a9ae0a16a309ee504766e90db0c96
  PhoneNumberKit: 441e8b26ec88d598e3591de9061eff18f5dd12e8
  PinLayout: 8b3199b283d1b34e6b35a71d0202049b67551c96
  PromisesObjC: 68159ce6952d93e17b2dfe273b8c40907db5ba58
  R.swift: c533450b0f7dc494e0993f5f1a1db925d84c3006
  R.swift.Library: 0fc583cb55a99e28901299cc451614cad1161962
  RSKPlaceholderTextView: 52f26e643b6f9bbf16f45cd2bbe2181b6dfe090c
  SnapKit: 97b92857e3df3a0c71833cce143274bf6ef8e5eb
  Swift_PageMenu: 6cc3e92540729606bd66c9b35a0886ed6c8ed899
  SwiftLoader: f12f3a6fb42576862a3a5eb80c7e59fc881b6982
  SwiftyBeaver: 84069991dd5dca07d7069100985badaca7f0ce82
  SwiftyMenu: bffdad1aa7de3a5faf3dc218c989b112a804299b

PODFILE CHECKSUM: 10e5068be3801e952e2650c232c01e637d7bfba7

COCOAPODS: 1.11.3
