// !$*UTF8*$!
{
	archiveVersion = 1;
	classes = {
	};
	objectVersion = 55;
	objects = {

/* Begin PBXBuildFile section */
		6AE455C44FAC7072F8EB820D /* Pods_walking_siberia.framework in Frameworks */ = {isa = PBXBuildFile; fileRef = 8AFB00D0C77B84E919FA658D /* Pods_walking_siberia.framework */; };
		C408EA1927AFFA08004B82CB /* Assets.xcassets in Resources */ = {isa = PBXBuildFile; fileRef = C408EA1827AFFA08004B82CB /* Assets.xcassets */; };
		C408EA6E27AFFC8C004B82CB /* PagingFlowLayout.swift in Sources */ = {isa = PBXBuildFile; fileRef = C408EA2627AFFC8C004B82CB /* PagingFlowLayout.swift */; };
		C408EA6F27AFFC8C004B82CB /* UIDevice+Model.swift in Sources */ = {isa = PBXBuildFile; fileRef = C408EA2727AFFC8C004B82CB /* UIDevice+Model.swift */; };
		C408EA7027AFFC8C004B82CB /* SwipeNavigationController.swift in Sources */ = {isa = PBXBuildFile; fileRef = C408EA2A27AFFC8C004B82CB /* SwipeNavigationController.swift */; };
		C408EA7127AFFC8C004B82CB /* RootViewController.swift in Sources */ = {isa = PBXBuildFile; fileRef = C408EA2C27AFFC8C004B82CB /* RootViewController.swift */; };
		C408EA7227AFFC8C004B82CB /* RootView.swift in Sources */ = {isa = PBXBuildFile; fileRef = C408EA2E27AFFC8C004B82CB /* RootView.swift */; };
		C408EA7327AFFC8C004B82CB /* UIView+Underlined.swift in Sources */ = {isa = PBXBuildFile; fileRef = C408EA3127AFFC8C004B82CB /* UIView+Underlined.swift */; };
		C408EA7427AFFC8C004B82CB /* UIColor+Hex.swift in Sources */ = {isa = PBXBuildFile; fileRef = C408EA3227AFFC8C004B82CB /* UIColor+Hex.swift */; };
		C408EA7527AFFC8C004B82CB /* UIViewController+HideKeyboard.swift in Sources */ = {isa = PBXBuildFile; fileRef = C408EA3327AFFC8C004B82CB /* UIViewController+HideKeyboard.swift */; };
		C408EA7627AFFC8C004B82CB /* UIButton+BackgroundColoroForState.swift in Sources */ = {isa = PBXBuildFile; fileRef = C408EA3427AFFC8C004B82CB /* UIButton+BackgroundColoroForState.swift */; };
		C408EA7727AFFC8C004B82CB /* Bundle+Version.swift in Sources */ = {isa = PBXBuildFile; fileRef = C408EA3627AFFC8C004B82CB /* Bundle+Version.swift */; };
		C408EA7827AFFC8C004B82CB /* UserDefaults+SaveStruct.swift in Sources */ = {isa = PBXBuildFile; fileRef = C408EA3727AFFC8C004B82CB /* UserDefaults+SaveStruct.swift */; };
		C408EA7927AFFC8C004B82CB /* Bundle+Current.swift in Sources */ = {isa = PBXBuildFile; fileRef = C408EA3827AFFC8C004B82CB /* Bundle+Current.swift */; };
		C408EA7A27AFFC8C004B82CB /* ListCollectionContext+Dequeue.swift in Sources */ = {isa = PBXBuildFile; fileRef = C408EA3A27AFFC8C004B82CB /* ListCollectionContext+Dequeue.swift */; };
		C408EA7B27AFFC8C004B82CB /* LoadingState.swift in Sources */ = {isa = PBXBuildFile; fileRef = C408EA3C27AFFC8C004B82CB /* LoadingState.swift */; };
		C408EA7C27AFFC8C004B82CB /* ModelError.swift in Sources */ = {isa = PBXBuildFile; fileRef = C408EA3D27AFFC8C004B82CB /* ModelError.swift */; };
		C408EA7D27AFFC8C004B82CB /* Animations.swift in Sources */ = {isa = PBXBuildFile; fileRef = C408EA3F27AFFC8C004B82CB /* Animations.swift */; };
		C408EA7E27AFFC8C004B82CB /* UserSettings.swift in Sources */ = {isa = PBXBuildFile; fileRef = C408EA4027AFFC8C004B82CB /* UserSettings.swift */; };
		C408EA7F27AFFC8C004B82CB /* Utils.swift in Sources */ = {isa = PBXBuildFile; fileRef = C408EA4127AFFC8C004B82CB /* Utils.swift */; };
		C408EA8027AFFC8C004B82CB /* LaunchService.swift in Sources */ = {isa = PBXBuildFile; fileRef = C408EA4227AFFC8C004B82CB /* LaunchService.swift */; };
		C408EA8127AFFC8C004B82CB /* APIHelper.swift in Sources */ = {isa = PBXBuildFile; fileRef = C408EA4427AFFC8C004B82CB /* APIHelper.swift */; };
		C408EA8227AFFC8C004B82CB /* AlamofireImplementations.swift in Sources */ = {isa = PBXBuildFile; fileRef = C408EA4527AFFC8C004B82CB /* AlamofireImplementations.swift */; };
		C408EA8327AFFC8C004B82CB /* JSONValue.swift in Sources */ = {isa = PBXBuildFile; fileRef = C408EA4627AFFC8C004B82CB /* JSONValue.swift */; };
		C408EA8627AFFC8C004B82CB /* AuthAPI.swift in Sources */ = {isa = PBXBuildFile; fileRef = C408EA4A27AFFC8C004B82CB /* AuthAPI.swift */; };
		C408EA8727AFFC8C004B82CB /* CodableHelper.swift in Sources */ = {isa = PBXBuildFile; fileRef = C408EA4B27AFFC8C004B82CB /* CodableHelper.swift */; };
		C408EA8827AFFC8C004B82CB /* JSONEncodableEncoding.swift in Sources */ = {isa = PBXBuildFile; fileRef = C408EA4C27AFFC8C004B82CB /* JSONEncodableEncoding.swift */; };
		C408EA8927AFFC8C004B82CB /* APIs.swift in Sources */ = {isa = PBXBuildFile; fileRef = C408EA4D27AFFC8C004B82CB /* APIs.swift */; };
		C408EA9927AFFC8C004B82CB /* Extensions.swift in Sources */ = {isa = PBXBuildFile; fileRef = C408EA6127AFFC8C004B82CB /* Extensions.swift */; };
		C408EA9A27AFFC8C004B82CB /* JSONEncodingHelper.swift in Sources */ = {isa = PBXBuildFile; fileRef = C408EA6227AFFC8C004B82CB /* JSONEncodingHelper.swift */; };
		C408EA9B27AFFC8C004B82CB /* Models.swift in Sources */ = {isa = PBXBuildFile; fileRef = C408EA6327AFFC8C004B82CB /* Models.swift */; };
		C408EA9C27AFFC8C004B82CB /* Configuration.swift in Sources */ = {isa = PBXBuildFile; fileRef = C408EA6427AFFC8C004B82CB /* Configuration.swift */; };
		C408EA9D27AFFC8C004B82CB /* ServiceLocator.swift in Sources */ = {isa = PBXBuildFile; fileRef = C408EA6727AFFC8C004B82CB /* ServiceLocator.swift */; };
		C408EA9E27AFFC8C004B82CB /* Autowired.swift in Sources */ = {isa = PBXBuildFile; fileRef = C408EA6827AFFC8C004B82CB /* Autowired.swift */; };
		C408EA9F27AFFC8C004B82CB /* AppDelegate.swift in Sources */ = {isa = PBXBuildFile; fileRef = C408EA6927AFFC8C004B82CB /* AppDelegate.swift */; };
		C408EAA027AFFC8C004B82CB /* LoggerService.swift in Sources */ = {isa = PBXBuildFile; fileRef = C408EA6B27AFFC8C004B82CB /* LoggerService.swift */; };
		C408EAA127AFFC8C004B82CB /* KeychainService.swift in Sources */ = {isa = PBXBuildFile; fileRef = C408EA6C27AFFC8C004B82CB /* KeychainService.swift */; };
		C408EAA227AFFC8C004B82CB /* AuthService.swift in Sources */ = {isa = PBXBuildFile; fileRef = C408EA6D27AFFC8C004B82CB /* AuthService.swift */; };
		C408EAAA27AFFF72004B82CB /* LaunchViewController.swift in Sources */ = {isa = PBXBuildFile; fileRef = C408EAA927AFFF72004B82CB /* LaunchViewController.swift */; };
		C408EAAD27AFFF88004B82CB /* LaunchView.swift in Sources */ = {isa = PBXBuildFile; fileRef = C408EAAC27AFFF88004B82CB /* LaunchView.swift */; };
		C408EAAF27B0005F004B82CB /* R.generated.swift in Sources */ = {isa = PBXBuildFile; fileRef = C408EAAE27B0005F004B82CB /* R.generated.swift */; };
		C408EAB127B000D7004B82CB /* Constants.swift in Sources */ = {isa = PBXBuildFile; fileRef = C408EAB027B000D7004B82CB /* Constants.swift */; };
		C4A1513527B0ECB100C95344 /* OnboardingViewController.swift in Sources */ = {isa = PBXBuildFile; fileRef = C4A1513427B0ECB100C95344 /* OnboardingViewController.swift */; };
		C4A1513827B0ECD000C95344 /* OnboardingView.swift in Sources */ = {isa = PBXBuildFile; fileRef = C4A1513727B0ECD000C95344 /* OnboardingView.swift */; };
		C4A1514227B0F3D000C95344 /* Geometria-Bold.ttf in Resources */ = {isa = PBXBuildFile; fileRef = C4A1513E27B0F3D000C95344 /* Geometria-Bold.ttf */; };
		C4A1514327B0F3D000C95344 /* Geometria-Light.ttf in Resources */ = {isa = PBXBuildFile; fileRef = C4A1513F27B0F3D000C95344 /* Geometria-Light.ttf */; };
		C4A1514427B0F3D000C95344 /* Geometria-Regular.ttf in Resources */ = {isa = PBXBuildFile; fileRef = C4A1514027B0F3D000C95344 /* Geometria-Regular.ttf */; };
		C4A1514527B0F3D000C95344 /* Geometria-Medium.ttf in Resources */ = {isa = PBXBuildFile; fileRef = C4A1514127B0F3D000C95344 /* Geometria-Medium.ttf */; };
		C4A1514927B0F8A800C95344 /* ActiveButton.swift in Sources */ = {isa = PBXBuildFile; fileRef = C4A1514827B0F8A700C95344 /* ActiveButton.swift */; };
		C4A1514E27B0FB9300C95344 /* PhoneAuthViewController.swift in Sources */ = {isa = PBXBuildFile; fileRef = C4A1514C27B0FB9300C95344 /* PhoneAuthViewController.swift */; };
		C4A1514F27B0FB9300C95344 /* PhoneAuthView.swift in Sources */ = {isa = PBXBuildFile; fileRef = C4A1514D27B0FB9300C95344 /* PhoneAuthView.swift */; };
		C4A1515527B0FCCB00C95344 /* KeyboardObserver.swift in Sources */ = {isa = PBXBuildFile; fileRef = C4A1515127B0FCCB00C95344 /* KeyboardObserver.swift */; };
		C4A1515627B0FCCB00C95344 /* ConstraintKeyboardObserver.swift in Sources */ = {isa = PBXBuildFile; fileRef = C4A1515227B0FCCB00C95344 /* ConstraintKeyboardObserver.swift */; };
		C4A1515727B0FCCB00C95344 /* ViewProviding.swift in Sources */ = {isa = PBXBuildFile; fileRef = C4A1515327B0FCCB00C95344 /* ViewProviding.swift */; };
		C4A1515827B0FCCB00C95344 /* KeyboardMonitor.swift in Sources */ = {isa = PBXBuildFile; fileRef = C4A1515427B0FCCB00C95344 /* KeyboardMonitor.swift */; };
		C4A1515B27B1030C00C95344 /* FloatingTextField.swift in Sources */ = {isa = PBXBuildFile; fileRef = C4A1515A27B1030C00C95344 /* FloatingTextField.swift */; };
		C4A1515D27B111DE00C95344 /* String+PhonePattern.swift in Sources */ = {isa = PBXBuildFile; fileRef = C4A1515C27B111DE00C95344 /* String+PhonePattern.swift */; };
		C4A1516127B11D2100C95344 /* PhoneCodeAuthViewController.swift in Sources */ = {isa = PBXBuildFile; fileRef = C4A1515F27B11D2100C95344 /* PhoneCodeAuthViewController.swift */; };
		C4A1516227B11D2100C95344 /* PhoneCodeAuthView.swift in Sources */ = {isa = PBXBuildFile; fileRef = C4A1516027B11D2100C95344 /* PhoneCodeAuthView.swift */; };
		C4A1516A27B1232800C95344 /* UIView+Shadow.swift in Sources */ = {isa = PBXBuildFile; fileRef = C4A1516927B1232800C95344 /* UIView+Shadow.swift */; };
		C4A1516D27B1356F00C95344 /* OTPTextField.swift in Sources */ = {isa = PBXBuildFile; fileRef = C4A1516C27B1356F00C95344 /* OTPTextField.swift */; };
		C4A1516F27B1359C00C95344 /* OTPTextFieldImplementation.swift in Sources */ = {isa = PBXBuildFile; fileRef = C4A1516E27B1359C00C95344 /* OTPTextFieldImplementation.swift */; };
		C4A1517427B17E4B00C95344 /* AccountRegisterPrimaryViewController.swift in Sources */ = {isa = PBXBuildFile; fileRef = C4A1517227B17E4B00C95344 /* AccountRegisterPrimaryViewController.swift */; };
		C4A1517527B17E4B00C95344 /* AccountRegisterPrimaryView.swift in Sources */ = {isa = PBXBuildFile; fileRef = C4A1517327B17E4B00C95344 /* AccountRegisterPrimaryView.swift */; };
		C4D82A8527BFDC960058334F /* AuthRequest.swift in Sources */ = {isa = PBXBuildFile; fileRef = C4D82A8427BFDC960058334F /* AuthRequest.swift */; };
		C4D82A8A27BFDCFC0058334F /* SuccessResponse.swift in Sources */ = {isa = PBXBuildFile; fileRef = C4D82A8927BFDCFC0058334F /* SuccessResponse.swift */; };
		C4D82A8C27BFDD480058334F /* AuthConfirmRequest.swift in Sources */ = {isa = PBXBuildFile; fileRef = C4D82A8B27BFDD480058334F /* AuthConfirmRequest.swift */; };
		C4D82A8F27BFDDD80058334F /* PhoneAuthProvider.swift in Sources */ = {isa = PBXBuildFile; fileRef = C4D82A8E27BFDDD80058334F /* PhoneAuthProvider.swift */; };
		C4D82A9227BFE1BB0058334F /* PhoneCodeAuthProvider.swift in Sources */ = {isa = PBXBuildFile; fileRef = C4D82A9127BFE1BB0058334F /* PhoneCodeAuthProvider.swift */; };
		C4D82A9427BFE4470058334F /* AuthConfirmResponse.swift in Sources */ = {isa = PBXBuildFile; fileRef = C4D82A9327BFE4470058334F /* AuthConfirmResponse.swift */; };
		C4D82A9627BFE5A20058334F /* EmptyData.swift in Sources */ = {isa = PBXBuildFile; fileRef = C4D82A9527BFE5A20058334F /* EmptyData.swift */; };
		C4D82A9827BFE7310058334F /* User.swift in Sources */ = {isa = PBXBuildFile; fileRef = C4D82A9727BFE7310058334F /* User.swift */; };
		C4D82A9A27BFE7710058334F /* Profile.swift in Sources */ = {isa = PBXBuildFile; fileRef = C4D82A9927BFE7710058334F /* Profile.swift */; };
		C4D82A9C27BFED200058334F /* UIStackView+Init.swift in Sources */ = {isa = PBXBuildFile; fileRef = C4D82A9B27BFED200058334F /* UIStackView+Init.swift */; };
		C4D82A9F27BFEFC10058334F /* AccountRegisterPrimaryProvider.swift in Sources */ = {isa = PBXBuildFile; fileRef = C4D82A9E27BFEFC10058334F /* AccountRegisterPrimaryProvider.swift */; };
		C4D82AA127BFF6F10058334F /* ProfileAPI.swift in Sources */ = {isa = PBXBuildFile; fileRef = C4D82AA027BFF6F10058334F /* ProfileAPI.swift */; };
		C4D82AA427BFF7430058334F /* ProfileUpdateRequest.swift in Sources */ = {isa = PBXBuildFile; fileRef = C4D82AA327BFF7430058334F /* ProfileUpdateRequest.swift */; };
		C4D82AA927C0AECE0058334F /* AccountRegisterSecondaryViewController.swift in Sources */ = {isa = PBXBuildFile; fileRef = C4D82AA727C0AECE0058334F /* AccountRegisterSecondaryViewController.swift */; };
		C4D82AAA27C0AECE0058334F /* AccountRegisterSecondaryView.swift in Sources */ = {isa = PBXBuildFile; fileRef = C4D82AA827C0AECE0058334F /* AccountRegisterSecondaryView.swift */; };
		C4D82AAE27C0AEE80058334F /* AccountRegisterSecondaryProvider.swift in Sources */ = {isa = PBXBuildFile; fileRef = C4D82AAD27C0AEE80058334F /* AccountRegisterSecondaryProvider.swift */; };
		C4D82AB227C0B8D50058334F /* StyledTextField.swift in Sources */ = {isa = PBXBuildFile; fileRef = C4D82AB127C0B8D50058334F /* StyledTextField.swift */; };
/* End PBXBuildFile section */

/* Begin PBXFileReference section */
		41034ADFBEC5F559FA43C170 /* Pods-walking-siberia.release.xcconfig */ = {isa = PBXFileReference; includeInIndex = 1; lastKnownFileType = text.xcconfig; name = "Pods-walking-siberia.release.xcconfig"; path = "Target Support Files/Pods-walking-siberia/Pods-walking-siberia.release.xcconfig"; sourceTree = "<group>"; };
		8AFB00D0C77B84E919FA658D /* Pods_walking_siberia.framework */ = {isa = PBXFileReference; explicitFileType = wrapper.framework; includeInIndex = 0; path = Pods_walking_siberia.framework; sourceTree = BUILT_PRODUCTS_DIR; };
		C408EA0C27AFFA07004B82CB /* walking-siberia.app */ = {isa = PBXFileReference; explicitFileType = wrapper.application; includeInIndex = 0; path = "walking-siberia.app"; sourceTree = BUILT_PRODUCTS_DIR; };
		C408EA1827AFFA08004B82CB /* Assets.xcassets */ = {isa = PBXFileReference; lastKnownFileType = folder.assetcatalog; path = Assets.xcassets; sourceTree = "<group>"; };
		C408EA1D27AFFA08004B82CB /* Info.plist */ = {isa = PBXFileReference; lastKnownFileType = text.plist.xml; path = Info.plist; sourceTree = "<group>"; };
		C408EA2627AFFC8C004B82CB /* PagingFlowLayout.swift */ = {isa = PBXFileReference; fileEncoding = 4; lastKnownFileType = sourcecode.swift; path = PagingFlowLayout.swift; sourceTree = "<group>"; };
		C408EA2727AFFC8C004B82CB /* UIDevice+Model.swift */ = {isa = PBXFileReference; fileEncoding = 4; lastKnownFileType = sourcecode.swift; path = "UIDevice+Model.swift"; sourceTree = "<group>"; };
		C408EA2A27AFFC8C004B82CB /* SwipeNavigationController.swift */ = {isa = PBXFileReference; fileEncoding = 4; lastKnownFileType = sourcecode.swift; path = SwipeNavigationController.swift; sourceTree = "<group>"; };
		C408EA2C27AFFC8C004B82CB /* RootViewController.swift */ = {isa = PBXFileReference; fileEncoding = 4; lastKnownFileType = sourcecode.swift; path = RootViewController.swift; sourceTree = "<group>"; };
		C408EA2E27AFFC8C004B82CB /* RootView.swift */ = {isa = PBXFileReference; fileEncoding = 4; lastKnownFileType = sourcecode.swift; path = RootView.swift; sourceTree = "<group>"; };
		C408EA3127AFFC8C004B82CB /* UIView+Underlined.swift */ = {isa = PBXFileReference; fileEncoding = 4; lastKnownFileType = sourcecode.swift; path = "UIView+Underlined.swift"; sourceTree = "<group>"; };
		C408EA3227AFFC8C004B82CB /* UIColor+Hex.swift */ = {isa = PBXFileReference; fileEncoding = 4; lastKnownFileType = sourcecode.swift; path = "UIColor+Hex.swift"; sourceTree = "<group>"; };
		C408EA3327AFFC8C004B82CB /* UIViewController+HideKeyboard.swift */ = {isa = PBXFileReference; fileEncoding = 4; lastKnownFileType = sourcecode.swift; path = "UIViewController+HideKeyboard.swift"; sourceTree = "<group>"; };
		C408EA3427AFFC8C004B82CB /* UIButton+BackgroundColoroForState.swift */ = {isa = PBXFileReference; fileEncoding = 4; lastKnownFileType = sourcecode.swift; path = "UIButton+BackgroundColoroForState.swift"; sourceTree = "<group>"; };
		C408EA3627AFFC8C004B82CB /* Bundle+Version.swift */ = {isa = PBXFileReference; fileEncoding = 4; lastKnownFileType = sourcecode.swift; path = "Bundle+Version.swift"; sourceTree = "<group>"; };
		C408EA3727AFFC8C004B82CB /* UserDefaults+SaveStruct.swift */ = {isa = PBXFileReference; fileEncoding = 4; lastKnownFileType = sourcecode.swift; path = "UserDefaults+SaveStruct.swift"; sourceTree = "<group>"; };
		C408EA3827AFFC8C004B82CB /* Bundle+Current.swift */ = {isa = PBXFileReference; fileEncoding = 4; lastKnownFileType = sourcecode.swift; path = "Bundle+Current.swift"; sourceTree = "<group>"; };
		C408EA3A27AFFC8C004B82CB /* ListCollectionContext+Dequeue.swift */ = {isa = PBXFileReference; fileEncoding = 4; lastKnownFileType = sourcecode.swift; path = "ListCollectionContext+Dequeue.swift"; sourceTree = "<group>"; };
		C408EA3C27AFFC8C004B82CB /* LoadingState.swift */ = {isa = PBXFileReference; fileEncoding = 4; lastKnownFileType = sourcecode.swift; path = LoadingState.swift; sourceTree = "<group>"; };
		C408EA3D27AFFC8C004B82CB /* ModelError.swift */ = {isa = PBXFileReference; fileEncoding = 4; lastKnownFileType = sourcecode.swift; path = ModelError.swift; sourceTree = "<group>"; };
		C408EA3F27AFFC8C004B82CB /* Animations.swift */ = {isa = PBXFileReference; fileEncoding = 4; lastKnownFileType = sourcecode.swift; path = Animations.swift; sourceTree = "<group>"; };
		C408EA4027AFFC8C004B82CB /* UserSettings.swift */ = {isa = PBXFileReference; fileEncoding = 4; lastKnownFileType = sourcecode.swift; path = UserSettings.swift; sourceTree = "<group>"; };
		C408EA4127AFFC8C004B82CB /* Utils.swift */ = {isa = PBXFileReference; fileEncoding = 4; lastKnownFileType = sourcecode.swift; path = Utils.swift; sourceTree = "<group>"; };
		C408EA4227AFFC8C004B82CB /* LaunchService.swift */ = {isa = PBXFileReference; fileEncoding = 4; lastKnownFileType = sourcecode.swift; path = LaunchService.swift; sourceTree = "<group>"; };
		C408EA4427AFFC8C004B82CB /* APIHelper.swift */ = {isa = PBXFileReference; fileEncoding = 4; lastKnownFileType = sourcecode.swift; path = APIHelper.swift; sourceTree = "<group>"; };
		C408EA4527AFFC8C004B82CB /* AlamofireImplementations.swift */ = {isa = PBXFileReference; fileEncoding = 4; lastKnownFileType = sourcecode.swift; path = AlamofireImplementations.swift; sourceTree = "<group>"; };
		C408EA4627AFFC8C004B82CB /* JSONValue.swift */ = {isa = PBXFileReference; fileEncoding = 4; lastKnownFileType = sourcecode.swift; path = JSONValue.swift; sourceTree = "<group>"; };
		C408EA4A27AFFC8C004B82CB /* AuthAPI.swift */ = {isa = PBXFileReference; fileEncoding = 4; lastKnownFileType = sourcecode.swift; path = AuthAPI.swift; sourceTree = "<group>"; };
		C408EA4B27AFFC8C004B82CB /* CodableHelper.swift */ = {isa = PBXFileReference; fileEncoding = 4; lastKnownFileType = sourcecode.swift; path = CodableHelper.swift; sourceTree = "<group>"; };
		C408EA4C27AFFC8C004B82CB /* JSONEncodableEncoding.swift */ = {isa = PBXFileReference; fileEncoding = 4; lastKnownFileType = sourcecode.swift; path = JSONEncodableEncoding.swift; sourceTree = "<group>"; };
		C408EA4D27AFFC8C004B82CB /* APIs.swift */ = {isa = PBXFileReference; fileEncoding = 4; lastKnownFileType = sourcecode.swift; path = APIs.swift; sourceTree = "<group>"; };
		C408EA6127AFFC8C004B82CB /* Extensions.swift */ = {isa = PBXFileReference; fileEncoding = 4; lastKnownFileType = sourcecode.swift; path = Extensions.swift; sourceTree = "<group>"; };
		C408EA6227AFFC8C004B82CB /* JSONEncodingHelper.swift */ = {isa = PBXFileReference; fileEncoding = 4; lastKnownFileType = sourcecode.swift; path = JSONEncodingHelper.swift; sourceTree = "<group>"; };
		C408EA6327AFFC8C004B82CB /* Models.swift */ = {isa = PBXFileReference; fileEncoding = 4; lastKnownFileType = sourcecode.swift; path = Models.swift; sourceTree = "<group>"; };
		C408EA6427AFFC8C004B82CB /* Configuration.swift */ = {isa = PBXFileReference; fileEncoding = 4; lastKnownFileType = sourcecode.swift; path = Configuration.swift; sourceTree = "<group>"; };
		C408EA6727AFFC8C004B82CB /* ServiceLocator.swift */ = {isa = PBXFileReference; fileEncoding = 4; lastKnownFileType = sourcecode.swift; path = ServiceLocator.swift; sourceTree = "<group>"; };
		C408EA6827AFFC8C004B82CB /* Autowired.swift */ = {isa = PBXFileReference; fileEncoding = 4; lastKnownFileType = sourcecode.swift; path = Autowired.swift; sourceTree = "<group>"; };
		C408EA6927AFFC8C004B82CB /* AppDelegate.swift */ = {isa = PBXFileReference; fileEncoding = 4; lastKnownFileType = sourcecode.swift; path = AppDelegate.swift; sourceTree = "<group>"; };
		C408EA6B27AFFC8C004B82CB /* LoggerService.swift */ = {isa = PBXFileReference; fileEncoding = 4; lastKnownFileType = sourcecode.swift; path = LoggerService.swift; sourceTree = "<group>"; };
		C408EA6C27AFFC8C004B82CB /* KeychainService.swift */ = {isa = PBXFileReference; fileEncoding = 4; lastKnownFileType = sourcecode.swift; path = KeychainService.swift; sourceTree = "<group>"; };
		C408EA6D27AFFC8C004B82CB /* AuthService.swift */ = {isa = PBXFileReference; fileEncoding = 4; lastKnownFileType = sourcecode.swift; path = AuthService.swift; sourceTree = "<group>"; };
		C408EAA927AFFF72004B82CB /* LaunchViewController.swift */ = {isa = PBXFileReference; lastKnownFileType = sourcecode.swift; path = LaunchViewController.swift; sourceTree = "<group>"; };
		C408EAAC27AFFF88004B82CB /* LaunchView.swift */ = {isa = PBXFileReference; lastKnownFileType = sourcecode.swift; path = LaunchView.swift; sourceTree = "<group>"; };
		C408EAAE27B0005F004B82CB /* R.generated.swift */ = {isa = PBXFileReference; fileEncoding = 4; lastKnownFileType = sourcecode.swift; path = R.generated.swift; sourceTree = "<group>"; };
		C408EAB027B000D7004B82CB /* Constants.swift */ = {isa = PBXFileReference; lastKnownFileType = sourcecode.swift; path = Constants.swift; sourceTree = "<group>"; };
		C4A1513427B0ECB100C95344 /* OnboardingViewController.swift */ = {isa = PBXFileReference; lastKnownFileType = sourcecode.swift; path = OnboardingViewController.swift; sourceTree = "<group>"; };
		C4A1513727B0ECD000C95344 /* OnboardingView.swift */ = {isa = PBXFileReference; lastKnownFileType = sourcecode.swift; path = OnboardingView.swift; sourceTree = "<group>"; };
		C4A1513E27B0F3D000C95344 /* Geometria-Bold.ttf */ = {isa = PBXFileReference; lastKnownFileType = file; path = "Geometria-Bold.ttf"; sourceTree = "<group>"; };
		C4A1513F27B0F3D000C95344 /* Geometria-Light.ttf */ = {isa = PBXFileReference; lastKnownFileType = file; path = "Geometria-Light.ttf"; sourceTree = "<group>"; };
		C4A1514027B0F3D000C95344 /* Geometria-Regular.ttf */ = {isa = PBXFileReference; lastKnownFileType = file; path = "Geometria-Regular.ttf"; sourceTree = "<group>"; };
		C4A1514127B0F3D000C95344 /* Geometria-Medium.ttf */ = {isa = PBXFileReference; lastKnownFileType = file; path = "Geometria-Medium.ttf"; sourceTree = "<group>"; };
		C4A1514827B0F8A700C95344 /* ActiveButton.swift */ = {isa = PBXFileReference; lastKnownFileType = sourcecode.swift; path = ActiveButton.swift; sourceTree = "<group>"; };
		C4A1514C27B0FB9300C95344 /* PhoneAuthViewController.swift */ = {isa = PBXFileReference; lastKnownFileType = sourcecode.swift; path = PhoneAuthViewController.swift; sourceTree = "<group>"; };
		C4A1514D27B0FB9300C95344 /* PhoneAuthView.swift */ = {isa = PBXFileReference; lastKnownFileType = sourcecode.swift; path = PhoneAuthView.swift; sourceTree = "<group>"; };
		C4A1515127B0FCCB00C95344 /* KeyboardObserver.swift */ = {isa = PBXFileReference; fileEncoding = 4; lastKnownFileType = sourcecode.swift; path = KeyboardObserver.swift; sourceTree = "<group>"; };
		C4A1515227B0FCCB00C95344 /* ConstraintKeyboardObserver.swift */ = {isa = PBXFileReference; fileEncoding = 4; lastKnownFileType = sourcecode.swift; path = ConstraintKeyboardObserver.swift; sourceTree = "<group>"; };
		C4A1515327B0FCCB00C95344 /* ViewProviding.swift */ = {isa = PBXFileReference; fileEncoding = 4; lastKnownFileType = sourcecode.swift; path = ViewProviding.swift; sourceTree = "<group>"; };
		C4A1515427B0FCCB00C95344 /* KeyboardMonitor.swift */ = {isa = PBXFileReference; fileEncoding = 4; lastKnownFileType = sourcecode.swift; path = KeyboardMonitor.swift; sourceTree = "<group>"; };
		C4A1515A27B1030C00C95344 /* FloatingTextField.swift */ = {isa = PBXFileReference; lastKnownFileType = sourcecode.swift; path = FloatingTextField.swift; sourceTree = "<group>"; };
		C4A1515C27B111DE00C95344 /* String+PhonePattern.swift */ = {isa = PBXFileReference; lastKnownFileType = sourcecode.swift; path = "String+PhonePattern.swift"; sourceTree = "<group>"; };
		C4A1515F27B11D2100C95344 /* PhoneCodeAuthViewController.swift */ = {isa = PBXFileReference; lastKnownFileType = sourcecode.swift; path = PhoneCodeAuthViewController.swift; sourceTree = "<group>"; };
		C4A1516027B11D2100C95344 /* PhoneCodeAuthView.swift */ = {isa = PBXFileReference; lastKnownFileType = sourcecode.swift; path = PhoneCodeAuthView.swift; sourceTree = "<group>"; };
		C4A1516927B1232800C95344 /* UIView+Shadow.swift */ = {isa = PBXFileReference; lastKnownFileType = sourcecode.swift; path = "UIView+Shadow.swift"; sourceTree = "<group>"; };
		C4A1516C27B1356F00C95344 /* OTPTextField.swift */ = {isa = PBXFileReference; lastKnownFileType = sourcecode.swift; path = OTPTextField.swift; sourceTree = "<group>"; };
		C4A1516E27B1359C00C95344 /* OTPTextFieldImplementation.swift */ = {isa = PBXFileReference; lastKnownFileType = sourcecode.swift; path = OTPTextFieldImplementation.swift; sourceTree = "<group>"; };
		C4A1517227B17E4B00C95344 /* AccountRegisterPrimaryViewController.swift */ = {isa = PBXFileReference; lastKnownFileType = sourcecode.swift; path = AccountRegisterPrimaryViewController.swift; sourceTree = "<group>"; };
		C4A1517327B17E4B00C95344 /* AccountRegisterPrimaryView.swift */ = {isa = PBXFileReference; lastKnownFileType = sourcecode.swift; path = AccountRegisterPrimaryView.swift; sourceTree = "<group>"; };
		C4D82A8427BFDC960058334F /* AuthRequest.swift */ = {isa = PBXFileReference; lastKnownFileType = sourcecode.swift; path = AuthRequest.swift; sourceTree = "<group>"; };
		C4D82A8927BFDCFC0058334F /* SuccessResponse.swift */ = {isa = PBXFileReference; lastKnownFileType = sourcecode.swift; path = SuccessResponse.swift; sourceTree = "<group>"; };
		C4D82A8B27BFDD480058334F /* AuthConfirmRequest.swift */ = {isa = PBXFileReference; lastKnownFileType = sourcecode.swift; path = AuthConfirmRequest.swift; sourceTree = "<group>"; };
		C4D82A8E27BFDDD80058334F /* PhoneAuthProvider.swift */ = {isa = PBXFileReference; lastKnownFileType = sourcecode.swift; path = PhoneAuthProvider.swift; sourceTree = "<group>"; };
		C4D82A9127BFE1BB0058334F /* PhoneCodeAuthProvider.swift */ = {isa = PBXFileReference; lastKnownFileType = sourcecode.swift; path = PhoneCodeAuthProvider.swift; sourceTree = "<group>"; };
		C4D82A9327BFE4470058334F /* AuthConfirmResponse.swift */ = {isa = PBXFileReference; lastKnownFileType = sourcecode.swift; path = AuthConfirmResponse.swift; sourceTree = "<group>"; };
		C4D82A9527BFE5A20058334F /* EmptyData.swift */ = {isa = PBXFileReference; lastKnownFileType = sourcecode.swift; path = EmptyData.swift; sourceTree = "<group>"; };
		C4D82A9727BFE7310058334F /* User.swift */ = {isa = PBXFileReference; lastKnownFileType = sourcecode.swift; path = User.swift; sourceTree = "<group>"; };
		C4D82A9927BFE7710058334F /* Profile.swift */ = {isa = PBXFileReference; lastKnownFileType = sourcecode.swift; path = Profile.swift; sourceTree = "<group>"; };
		C4D82A9B27BFED200058334F /* UIStackView+Init.swift */ = {isa = PBXFileReference; lastKnownFileType = sourcecode.swift; path = "UIStackView+Init.swift"; sourceTree = "<group>"; };
		C4D82A9E27BFEFC10058334F /* AccountRegisterPrimaryProvider.swift */ = {isa = PBXFileReference; lastKnownFileType = sourcecode.swift; path = AccountRegisterPrimaryProvider.swift; sourceTree = "<group>"; };
		C4D82AA027BFF6F10058334F /* ProfileAPI.swift */ = {isa = PBXFileReference; lastKnownFileType = sourcecode.swift; path = ProfileAPI.swift; sourceTree = "<group>"; };
		C4D82AA327BFF7430058334F /* ProfileUpdateRequest.swift */ = {isa = PBXFileReference; lastKnownFileType = sourcecode.swift; path = ProfileUpdateRequest.swift; sourceTree = "<group>"; };
		C4D82AA727C0AECE0058334F /* AccountRegisterSecondaryViewController.swift */ = {isa = PBXFileReference; lastKnownFileType = sourcecode.swift; path = AccountRegisterSecondaryViewController.swift; sourceTree = "<group>"; };
		C4D82AA827C0AECE0058334F /* AccountRegisterSecondaryView.swift */ = {isa = PBXFileReference; lastKnownFileType = sourcecode.swift; path = AccountRegisterSecondaryView.swift; sourceTree = "<group>"; };
		C4D82AAD27C0AEE80058334F /* AccountRegisterSecondaryProvider.swift */ = {isa = PBXFileReference; lastKnownFileType = sourcecode.swift; path = AccountRegisterSecondaryProvider.swift; sourceTree = "<group>"; };
		C4D82AB127C0B8D50058334F /* StyledTextField.swift */ = {isa = PBXFileReference; lastKnownFileType = sourcecode.swift; path = StyledTextField.swift; sourceTree = "<group>"; };
		E226CEC760F49CA56911ADB2 /* Pods-walking-siberia.debug.xcconfig */ = {isa = PBXFileReference; includeInIndex = 1; lastKnownFileType = text.xcconfig; name = "Pods-walking-siberia.debug.xcconfig"; path = "Target Support Files/Pods-walking-siberia/Pods-walking-siberia.debug.xcconfig"; sourceTree = "<group>"; };
/* End PBXFileReference section */

/* Begin PBXFrameworksBuildPhase section */
		C408EA0927AFFA07004B82CB /* Frameworks */ = {
			isa = PBXFrameworksBuildPhase;
			buildActionMask = 2147483647;
			files = (
				6AE455C44FAC7072F8EB820D /* Pods_walking_siberia.framework in Frameworks */,
			);
			runOnlyForDeploymentPostprocessing = 0;
		};
/* End PBXFrameworksBuildPhase section */

/* Begin PBXGroup section */
		8D4FCBE59EBFC4B0D62BFA29 /* Frameworks */ = {
			isa = PBXGroup;
			children = (
				8AFB00D0C77B84E919FA658D /* Pods_walking_siberia.framework */,
			);
			name = Frameworks;
			sourceTree = "<group>";
		};
		9DC2E89555C8A80A2B1FDEA1 /* Pods */ = {
			isa = PBXGroup;
			children = (
				E226CEC760F49CA56911ADB2 /* Pods-walking-siberia.debug.xcconfig */,
				41034ADFBEC5F559FA43C170 /* Pods-walking-siberia.release.xcconfig */,
			);
			path = Pods;
			sourceTree = "<group>";
		};
		C408EA0327AFFA06004B82CB = {
			isa = PBXGroup;
			children = (
				C408EA0E27AFFA07004B82CB /* walking-siberia */,
				C408EA0D27AFFA07004B82CB /* Products */,
				9DC2E89555C8A80A2B1FDEA1 /* Pods */,
				8D4FCBE59EBFC4B0D62BFA29 /* Frameworks */,
			);
			sourceTree = "<group>";
		};
		C408EA0D27AFFA07004B82CB /* Products */ = {
			isa = PBXGroup;
			children = (
				C408EA0C27AFFA07004B82CB /* walking-siberia.app */,
			);
			name = Products;
			sourceTree = "<group>";
		};
		C408EA0E27AFFA07004B82CB /* walking-siberia */ = {
			isa = PBXGroup;
			children = (
				C408EA6527AFFC8C004B82CB /* Application */,
				C408EA2327AFFC8C004B82CB /* Common */,
				C408EAA727AFFE27004B82CB /* Module */,
				C408EA4327AFFC8C004B82CB /* Network */,
				C408EAA327AFFCB9004B82CB /* Resource */,
			);
			path = "walking-siberia";
			sourceTree = "<group>";
		};
		C408EA2327AFFC8C004B82CB /* Common */ = {
			isa = PBXGroup;
			children = (
				C408EA2427AFFC8C004B82CB /* UI */,
				C408EA2F27AFFC8C004B82CB /* Extension */,
				C408EA3B27AFFC8C004B82CB /* Model */,
				C408EA3E27AFFC8C004B82CB /* Helpers */,
			);
			path = Common;
			sourceTree = "<group>";
		};
		C408EA2427AFFC8C004B82CB /* UI */ = {
			isa = PBXGroup;
			children = (
				C4A1515027B0FCCB00C95344 /* Keyboard */,
				C408EA2527AFFC8C004B82CB /* CollectionViewLayout */,
				C408EA2827AFFC8C004B82CB /* Controllers */,
				C4A1514627B0F72B00C95344 /* Views */,
			);
			path = UI;
			sourceTree = "<group>";
		};
		C408EA2527AFFC8C004B82CB /* CollectionViewLayout */ = {
			isa = PBXGroup;
			children = (
				C408EA2627AFFC8C004B82CB /* PagingFlowLayout.swift */,
			);
			path = CollectionViewLayout;
			sourceTree = "<group>";
		};
		C408EA2827AFFC8C004B82CB /* Controllers */ = {
			isa = PBXGroup;
			children = (
				C408EA2927AFFC8C004B82CB /* SwipeNavigationController */,
				C408EA2B27AFFC8C004B82CB /* RootViewController */,
			);
			path = Controllers;
			sourceTree = "<group>";
		};
		C408EA2927AFFC8C004B82CB /* SwipeNavigationController */ = {
			isa = PBXGroup;
			children = (
				C408EA2A27AFFC8C004B82CB /* SwipeNavigationController.swift */,
			);
			path = SwipeNavigationController;
			sourceTree = "<group>";
		};
		C408EA2B27AFFC8C004B82CB /* RootViewController */ = {
			isa = PBXGroup;
			children = (
				C408EA2C27AFFC8C004B82CB /* RootViewController.swift */,
				C408EA2D27AFFC8C004B82CB /* View */,
			);
			path = RootViewController;
			sourceTree = "<group>";
		};
		C408EA2D27AFFC8C004B82CB /* View */ = {
			isa = PBXGroup;
			children = (
				C408EA2E27AFFC8C004B82CB /* RootView.swift */,
			);
			path = View;
			sourceTree = "<group>";
		};
		C408EA2F27AFFC8C004B82CB /* Extension */ = {
			isa = PBXGroup;
			children = (
				C408EA3027AFFC8C004B82CB /* UIKit */,
				C408EA3527AFFC8C004B82CB /* Foundation */,
				C408EA3927AFFC8C004B82CB /* IGListKit */,
			);
			path = Extension;
			sourceTree = "<group>";
		};
		C408EA3027AFFC8C004B82CB /* UIKit */ = {
			isa = PBXGroup;
			children = (
				C408EA2727AFFC8C004B82CB /* UIDevice+Model.swift */,
				C408EA3127AFFC8C004B82CB /* UIView+Underlined.swift */,
				C408EA3227AFFC8C004B82CB /* UIColor+Hex.swift */,
				C408EA3327AFFC8C004B82CB /* UIViewController+HideKeyboard.swift */,
				C408EA3427AFFC8C004B82CB /* UIButton+BackgroundColoroForState.swift */,
				C4A1516927B1232800C95344 /* UIView+Shadow.swift */,
				C4D82A9B27BFED200058334F /* UIStackView+Init.swift */,
			);
			path = UIKit;
			sourceTree = "<group>";
		};
		C408EA3527AFFC8C004B82CB /* Foundation */ = {
			isa = PBXGroup;
			children = (
				C4A1515C27B111DE00C95344 /* String+PhonePattern.swift */,
				C408EA3627AFFC8C004B82CB /* Bundle+Version.swift */,
				C408EA3727AFFC8C004B82CB /* UserDefaults+SaveStruct.swift */,
				C408EA3827AFFC8C004B82CB /* Bundle+Current.swift */,
			);
			path = Foundation;
			sourceTree = "<group>";
		};
		C408EA3927AFFC8C004B82CB /* IGListKit */ = {
			isa = PBXGroup;
			children = (
				C408EA3A27AFFC8C004B82CB /* ListCollectionContext+Dequeue.swift */,
			);
			path = IGListKit;
			sourceTree = "<group>";
		};
		C408EA3B27AFFC8C004B82CB /* Model */ = {
			isa = PBXGroup;
			children = (
				C408EA3C27AFFC8C004B82CB /* LoadingState.swift */,
				C408EA3D27AFFC8C004B82CB /* ModelError.swift */,
				C4D82A9727BFE7310058334F /* User.swift */,
				C4D82A9927BFE7710058334F /* Profile.swift */,
			);
			path = Model;
			sourceTree = "<group>";
		};
		C408EA3E27AFFC8C004B82CB /* Helpers */ = {
			isa = PBXGroup;
			children = (
				C408EA3F27AFFC8C004B82CB /* Animations.swift */,
				C408EA4027AFFC8C004B82CB /* UserSettings.swift */,
				C408EA4127AFFC8C004B82CB /* Utils.swift */,
			);
			path = Helpers;
			sourceTree = "<group>";
		};
		C408EA4327AFFC8C004B82CB /* Network */ = {
			isa = PBXGroup;
			children = (
				C408EA4527AFFC8C004B82CB /* AlamofireImplementations.swift */,
				C408EA4427AFFC8C004B82CB /* APIHelper.swift */,
				C408EA4D27AFFC8C004B82CB /* APIs.swift */,
				C408EA4B27AFFC8C004B82CB /* CodableHelper.swift */,
				C408EA6427AFFC8C004B82CB /* Configuration.swift */,
				C408EA6127AFFC8C004B82CB /* Extensions.swift */,
				C408EA4C27AFFC8C004B82CB /* JSONEncodableEncoding.swift */,
				C408EA6227AFFC8C004B82CB /* JSONEncodingHelper.swift */,
				C408EA4627AFFC8C004B82CB /* JSONValue.swift */,
				C408EA6327AFFC8C004B82CB /* Models.swift */,
				C408EA4727AFFC8C004B82CB /* APIs */,
				C408EA4E27AFFC8C004B82CB /* Models */,
			);
			path = Network;
			sourceTree = "<group>";
		};
		C408EA4727AFFC8C004B82CB /* APIs */ = {
			isa = PBXGroup;
			children = (
				C408EA4A27AFFC8C004B82CB /* AuthAPI.swift */,
				C4D82AA027BFF6F10058334F /* ProfileAPI.swift */,
			);
			path = APIs;
			sourceTree = "<group>";
		};
		C408EA4E27AFFC8C004B82CB /* Models */ = {
			isa = PBXGroup;
			children = (
				C408EA5827AFFC8C004B82CB /* AuthAPI */,
				C4D82A8827BFDCED0058334F /* Common */,
				C4D82AA227BFF72E0058334F /* ProfileAPI */,
			);
			path = Models;
			sourceTree = "<group>";
		};
		C408EA5827AFFC8C004B82CB /* AuthAPI */ = {
			isa = PBXGroup;
			children = (
				C4D82A8427BFDC960058334F /* AuthRequest.swift */,
				C4D82A8B27BFDD480058334F /* AuthConfirmRequest.swift */,
				C4D82A9327BFE4470058334F /* AuthConfirmResponse.swift */,
			);
			path = AuthAPI;
			sourceTree = "<group>";
		};
		C408EA6527AFFC8C004B82CB /* Application */ = {
			isa = PBXGroup;
			children = (
				C408EA6927AFFC8C004B82CB /* AppDelegate.swift */,
				C408EA6627AFFC8C004B82CB /* ServiceLocator */,
				C408EA6A27AFFC8C004B82CB /* Services */,
			);
			path = Application;
			sourceTree = "<group>";
		};
		C408EA6627AFFC8C004B82CB /* ServiceLocator */ = {
			isa = PBXGroup;
			children = (
				C408EA6727AFFC8C004B82CB /* ServiceLocator.swift */,
				C408EA6827AFFC8C004B82CB /* Autowired.swift */,
			);
			path = ServiceLocator;
			sourceTree = "<group>";
		};
		C408EA6A27AFFC8C004B82CB /* Services */ = {
			isa = PBXGroup;
			children = (
				C408EA6B27AFFC8C004B82CB /* LoggerService.swift */,
				C408EA6C27AFFC8C004B82CB /* KeychainService.swift */,
				C408EA6D27AFFC8C004B82CB /* AuthService.swift */,
			);
			path = Services;
			sourceTree = "<group>";
		};
		C408EAA327AFFCB9004B82CB /* Resource */ = {
			isa = PBXGroup;
			children = (
				C4A1513D27B0F31300C95344 /* Fonts */,
				C408EAA427AFFCC9004B82CB /* Generated */,
				C408EA1D27AFFA08004B82CB /* Info.plist */,
				C408EA1827AFFA08004B82CB /* Assets.xcassets */,
				C408EAB027B000D7004B82CB /* Constants.swift */,
			);
			path = Resource;
			sourceTree = "<group>";
		};
		C408EAA427AFFCC9004B82CB /* Generated */ = {
			isa = PBXGroup;
			children = (
				C408EAAE27B0005F004B82CB /* R.generated.swift */,
			);
			path = Generated;
			sourceTree = "<group>";
		};
		C408EAA727AFFE27004B82CB /* Module */ = {
			isa = PBXGroup;
			children = (
				C4D82AA627C0AEB40058334F /* Register */,
				C408EAA827AFFE32004B82CB /* Launch */,
			);
			path = Module;
			sourceTree = "<group>";
		};
		C408EAA827AFFE32004B82CB /* Launch */ = {
			isa = PBXGroup;
			children = (
				C408EAB227B00402004B82CB /* Service */,
				C408EAAB27AFFF76004B82CB /* View */,
				C408EAA927AFFF72004B82CB /* LaunchViewController.swift */,
			);
			path = Launch;
			sourceTree = "<group>";
		};
		C408EAAB27AFFF76004B82CB /* View */ = {
			isa = PBXGroup;
			children = (
				C408EAAC27AFFF88004B82CB /* LaunchView.swift */,
			);
			path = View;
			sourceTree = "<group>";
		};
		C408EAB227B00402004B82CB /* Service */ = {
			isa = PBXGroup;
			children = (
				C408EA4227AFFC8C004B82CB /* LaunchService.swift */,
			);
			path = Service;
			sourceTree = "<group>";
		};
		C4A1513327B0EC9500C95344 /* Onboarding */ = {
			isa = PBXGroup;
			children = (
				C4A1513627B0ECB400C95344 /* View */,
				C4A1513427B0ECB100C95344 /* OnboardingViewController.swift */,
			);
			path = Onboarding;
			sourceTree = "<group>";
		};
		C4A1513627B0ECB400C95344 /* View */ = {
			isa = PBXGroup;
			children = (
				C4A1513727B0ECD000C95344 /* OnboardingView.swift */,
			);
			path = View;
			sourceTree = "<group>";
		};
		C4A1513D27B0F31300C95344 /* Fonts */ = {
			isa = PBXGroup;
			children = (
				C4A1513E27B0F3D000C95344 /* Geometria-Bold.ttf */,
				C4A1513F27B0F3D000C95344 /* Geometria-Light.ttf */,
				C4A1514127B0F3D000C95344 /* Geometria-Medium.ttf */,
				C4A1514027B0F3D000C95344 /* Geometria-Regular.ttf */,
			);
			path = Fonts;
			sourceTree = "<group>";
		};
		C4A1514627B0F72B00C95344 /* Views */ = {
			isa = PBXGroup;
			children = (
				C4A1515927B102FA00C95344 /* TextFields */,
				C4A1514727B0F89500C95344 /* Buttons */,
			);
			path = Views;
			sourceTree = "<group>";
		};
		C4A1514727B0F89500C95344 /* Buttons */ = {
			isa = PBXGroup;
			children = (
				C4A1514827B0F8A700C95344 /* ActiveButton.swift */,
			);
			path = Buttons;
			sourceTree = "<group>";
		};
		C4A1514A27B0FADB00C95344 /* PhoneAuth */ = {
			isa = PBXGroup;
			children = (
				C4D82A8D27BFDDCC0058334F /* Provider */,
				C4A1514B27B0FB7500C95344 /* View */,
				C4A1514C27B0FB9300C95344 /* PhoneAuthViewController.swift */,
			);
			path = PhoneAuth;
			sourceTree = "<group>";
		};
		C4A1514B27B0FB7500C95344 /* View */ = {
			isa = PBXGroup;
			children = (
				C4A1514D27B0FB9300C95344 /* PhoneAuthView.swift */,
			);
			path = View;
			sourceTree = "<group>";
		};
		C4A1515027B0FCCB00C95344 /* Keyboard */ = {
			isa = PBXGroup;
			children = (
				C4A1515127B0FCCB00C95344 /* KeyboardObserver.swift */,
				C4A1515227B0FCCB00C95344 /* ConstraintKeyboardObserver.swift */,
				C4A1515327B0FCCB00C95344 /* ViewProviding.swift */,
				C4A1515427B0FCCB00C95344 /* KeyboardMonitor.swift */,
			);
			path = Keyboard;
			sourceTree = "<group>";
		};
		C4A1515927B102FA00C95344 /* TextFields */ = {
			isa = PBXGroup;
			children = (
				C4A1516B27B1356600C95344 /* OTPTextField */,
				C4A1515A27B1030C00C95344 /* FloatingTextField.swift */,
				C4D82AB127C0B8D50058334F /* StyledTextField.swift */,
			);
			path = TextFields;
			sourceTree = "<group>";
		};
		C4A1515E27B11D1100C95344 /* PhoneCodeAuth */ = {
			isa = PBXGroup;
			children = (
				C4D82A9027BFE17C0058334F /* Provider */,
				C4A1516327B11D2400C95344 /* View */,
				C4A1515F27B11D2100C95344 /* PhoneCodeAuthViewController.swift */,
			);
			path = PhoneCodeAuth;
			sourceTree = "<group>";
		};
		C4A1516327B11D2400C95344 /* View */ = {
			isa = PBXGroup;
			children = (
				C4A1516027B11D2100C95344 /* PhoneCodeAuthView.swift */,
			);
			path = View;
			sourceTree = "<group>";
		};
		C4A1516B27B1356600C95344 /* OTPTextField */ = {
			isa = PBXGroup;
			children = (
				C4A1516C27B1356F00C95344 /* OTPTextField.swift */,
				C4A1516E27B1359C00C95344 /* OTPTextFieldImplementation.swift */,
			);
			path = OTPTextField;
			sourceTree = "<group>";
		};
		C4A1517027B17E1700C95344 /* AccountRegisterPrimary */ = {
			isa = PBXGroup;
			children = (
				C4D82A9D27BFEFB60058334F /* Provider */,
				C4A1517127B17E4200C95344 /* View */,
				C4A1517227B17E4B00C95344 /* AccountRegisterPrimaryViewController.swift */,
			);
			path = AccountRegisterPrimary;
			sourceTree = "<group>";
		};
		C4A1517127B17E4200C95344 /* View */ = {
			isa = PBXGroup;
			children = (
				C4A1517327B17E4B00C95344 /* AccountRegisterPrimaryView.swift */,
			);
			path = View;
			sourceTree = "<group>";
		};
		C4D82A8827BFDCED0058334F /* Common */ = {
			isa = PBXGroup;
			children = (
				C4D82A8927BFDCFC0058334F /* SuccessResponse.swift */,
				C4D82A9527BFE5A20058334F /* EmptyData.swift */,
			);
			path = Common;
			sourceTree = "<group>";
		};
		C4D82A8D27BFDDCC0058334F /* Provider */ = {
			isa = PBXGroup;
			children = (
				C4D82A8E27BFDDD80058334F /* PhoneAuthProvider.swift */,
			);
			path = Provider;
			sourceTree = "<group>";
		};
		C4D82A9027BFE17C0058334F /* Provider */ = {
			isa = PBXGroup;
			children = (
				C4D82A9127BFE1BB0058334F /* PhoneCodeAuthProvider.swift */,
			);
			path = Provider;
			sourceTree = "<group>";
		};
		C4D82A9D27BFEFB60058334F /* Provider */ = {
			isa = PBXGroup;
			children = (
				C4D82A9E27BFEFC10058334F /* AccountRegisterPrimaryProvider.swift */,
			);
			path = Provider;
			sourceTree = "<group>";
		};
		C4D82AA227BFF72E0058334F /* ProfileAPI */ = {
			isa = PBXGroup;
			children = (
				C4D82AA327BFF7430058334F /* ProfileUpdateRequest.swift */,
			);
			path = ProfileAPI;
			sourceTree = "<group>";
		};
		C4D82AA527C0AEA70058334F /* AccountRegisterSecondary */ = {
			isa = PBXGroup;
			children = (
				C4D82AAC27C0AEDC0058334F /* Prrovider */,
				C4D82AAB27C0AED30058334F /* View */,
				C4D82AA727C0AECE0058334F /* AccountRegisterSecondaryViewController.swift */,
			);
			path = AccountRegisterSecondary;
			sourceTree = "<group>";
		};
		C4D82AA627C0AEB40058334F /* Register */ = {
			isa = PBXGroup;
			children = (
				C4D82AA527C0AEA70058334F /* AccountRegisterSecondary */,
				C4A1517027B17E1700C95344 /* AccountRegisterPrimary */,
				C4A1515E27B11D1100C95344 /* PhoneCodeAuth */,
				C4A1514A27B0FADB00C95344 /* PhoneAuth */,
				C4A1513327B0EC9500C95344 /* Onboarding */,
			);
			path = Register;
			sourceTree = "<group>";
		};
		C4D82AAB27C0AED30058334F /* View */ = {
			isa = PBXGroup;
			children = (
				C4D82AA827C0AECE0058334F /* AccountRegisterSecondaryView.swift */,
			);
			path = View;
			sourceTree = "<group>";
		};
		C4D82AAC27C0AEDC0058334F /* Prrovider */ = {
			isa = PBXGroup;
			children = (
				C4D82AAD27C0AEE80058334F /* AccountRegisterSecondaryProvider.swift */,
			);
			path = Prrovider;
			sourceTree = "<group>";
		};
/* End PBXGroup section */

/* Begin PBXNativeTarget section */
		C408EA0B27AFFA07004B82CB /* walking-siberia */ = {
			isa = PBXNativeTarget;
			buildConfigurationList = C408EA2027AFFA08004B82CB /* Build configuration list for PBXNativeTarget "walking-siberia" */;
			buildPhases = (
				147A2EC26A040CD1EF37CBC2 /* [CP] Check Pods Manifest.lock */,
				C408EAA627AFFD8D004B82CB /* Update Info.plist Fonts */,
				C408EAA527AFFD24004B82CB /* R.swift codegen */,
				C408EA0827AFFA07004B82CB /* Sources */,
				C408EA0927AFFA07004B82CB /* Frameworks */,
				C408EA0A27AFFA07004B82CB /* Resources */,
				CB2083DD4EA6B7B142323C65 /* [CP] Embed Pods Frameworks */,
			);
			buildRules = (
			);
			dependencies = (
			);
			name = "walking-siberia";
			productName = "walking-siberia";
			productReference = C408EA0C27AFFA07004B82CB /* walking-siberia.app */;
			productType = "com.apple.product-type.application";
		};
/* End PBXNativeTarget section */

/* Begin PBXProject section */
		C408EA0427AFFA06004B82CB /* Project object */ = {
			isa = PBXProject;
			attributes = {
				BuildIndependentTargetsInParallel = 1;
				LastSwiftUpdateCheck = 1320;
				LastUpgradeCheck = 1320;
				TargetAttributes = {
					C408EA0B27AFFA07004B82CB = {
						CreatedOnToolsVersion = 13.2.1;
					};
				};
			};
			buildConfigurationList = C408EA0727AFFA06004B82CB /* Build configuration list for PBXProject "walking-siberia" */;
			compatibilityVersion = "Xcode 13.0";
			developmentRegion = en;
			hasScannedForEncodings = 0;
			knownRegions = (
				en,
				Base,
			);
			mainGroup = C408EA0327AFFA06004B82CB;
			productRefGroup = C408EA0D27AFFA07004B82CB /* Products */;
			projectDirPath = "";
			projectRoot = "";
			targets = (
				C408EA0B27AFFA07004B82CB /* walking-siberia */,
			);
		};
/* End PBXProject section */

/* Begin PBXResourcesBuildPhase section */
		C408EA0A27AFFA07004B82CB /* Resources */ = {
			isa = PBXResourcesBuildPhase;
			buildActionMask = 2147483647;
			files = (
				C4A1514527B0F3D000C95344 /* Geometria-Medium.ttf in Resources */,
				C408EA1927AFFA08004B82CB /* Assets.xcassets in Resources */,
				C4A1514427B0F3D000C95344 /* Geometria-Regular.ttf in Resources */,
				C4A1514327B0F3D000C95344 /* Geometria-Light.ttf in Resources */,
				C4A1514227B0F3D000C95344 /* Geometria-Bold.ttf in Resources */,
			);
			runOnlyForDeploymentPostprocessing = 0;
		};
/* End PBXResourcesBuildPhase section */

/* Begin PBXShellScriptBuildPhase section */
		147A2EC26A040CD1EF37CBC2 /* [CP] Check Pods Manifest.lock */ = {
			isa = PBXShellScriptBuildPhase;
			buildActionMask = 2147483647;
			files = (
			);
			inputFileListPaths = (
			);
			inputPaths = (
				"${PODS_PODFILE_DIR_PATH}/Podfile.lock",
				"${PODS_ROOT}/Manifest.lock",
			);
			name = "[CP] Check Pods Manifest.lock";
			outputFileListPaths = (
			);
			outputPaths = (
				"$(DERIVED_FILE_DIR)/Pods-walking-siberia-checkManifestLockResult.txt",
			);
			runOnlyForDeploymentPostprocessing = 0;
			shellPath = /bin/sh;
			shellScript = "diff \"${PODS_PODFILE_DIR_PATH}/Podfile.lock\" \"${PODS_ROOT}/Manifest.lock\" > /dev/null\nif [ $? != 0 ] ; then\n    # print error to STDERR\n    echo \"error: The sandbox is not in sync with the Podfile.lock. Run 'pod install' or update your CocoaPods installation.\" >&2\n    exit 1\nfi\n# This output is used by Xcode 'outputs' to avoid re-running this script phase.\necho \"SUCCESS\" > \"${SCRIPT_OUTPUT_FILE_0}\"\n";
			showEnvVarsInLog = 0;
		};
		C408EAA527AFFD24004B82CB /* R.swift codegen */ = {
			isa = PBXShellScriptBuildPhase;
			buildActionMask = 2147483647;
			files = (
			);
			inputFileListPaths = (
			);
			inputPaths = (
				"$TEMP_DIR/rswift-lastrun",
			);
			name = "R.swift codegen";
			outputFileListPaths = (
			);
			outputPaths = (
				$SRCROOT/$PROJECT_NAME/Resource/Generated/R.generated.swift,
			);
			runOnlyForDeploymentPostprocessing = 0;
			shellPath = /bin/sh;
			shellScript = "\"$PODS_ROOT/R.swift/rswift\" generate \"$SRCROOT/$PROJECT_NAME/Resource/Generated/R.generated.swift\"\n";
		};
		C408EAA627AFFD8D004B82CB /* Update Info.plist Fonts */ = {
			isa = PBXShellScriptBuildPhase;
			buildActionMask = 2147483647;
			files = (
			);
			inputFileListPaths = (
			);
			inputPaths = (
			);
			name = "Update Info.plist Fonts";
			outputFileListPaths = (
			);
			outputPaths = (
			);
			runOnlyForDeploymentPostprocessing = 0;
			shellPath = /bin/sh;
			shellScript = "#!/bin/bash\n/usr/libexec/PlistBuddy -c \"Delete :UIAppFonts\" \"${INFOPLIST_FILE}\"\n/usr/libexec/PlistBuddy -c \"Add :UIAppFonts array\" \"${INFOPLIST_FILE}\"\nfor fn in `ls -1 ${PROJECT_NAME}/Resource/Fonts`; do\n    /usr/libexec/PlistBuddy -c \"Add :UIAppFonts:0 string \\\"${fn}\\\"\" \"${INFOPLIST_FILE}\"\ndone\n";
		};
		CB2083DD4EA6B7B142323C65 /* [CP] Embed Pods Frameworks */ = {
			isa = PBXShellScriptBuildPhase;
			buildActionMask = 2147483647;
			files = (
			);
			inputFileListPaths = (
				"${PODS_ROOT}/Target Support Files/Pods-walking-siberia/Pods-walking-siberia-frameworks-${CONFIGURATION}-input-files.xcfilelist",
			);
			name = "[CP] Embed Pods Frameworks";
			outputFileListPaths = (
				"${PODS_ROOT}/Target Support Files/Pods-walking-siberia/Pods-walking-siberia-frameworks-${CONFIGURATION}-output-files.xcfilelist",
			);
			runOnlyForDeploymentPostprocessing = 0;
			shellPath = /bin/sh;
			shellScript = "\"${PODS_ROOT}/Target Support Files/Pods-walking-siberia/Pods-walking-siberia-frameworks.sh\"\n";
			showEnvVarsInLog = 0;
		};
/* End PBXShellScriptBuildPhase section */

/* Begin PBXSourcesBuildPhase section */
		C408EA0827AFFA07004B82CB /* Sources */ = {
			isa = PBXSourcesBuildPhase;
			buildActionMask = 2147483647;
			files = (
				C408EA8127AFFC8C004B82CB /* APIHelper.swift in Sources */,
				C408EAAD27AFFF88004B82CB /* LaunchView.swift in Sources */,
				C4A1517427B17E4B00C95344 /* AccountRegisterPrimaryViewController.swift in Sources */,
				C408EA7527AFFC8C004B82CB /* UIViewController+HideKeyboard.swift in Sources */,
				C408EA7127AFFC8C004B82CB /* RootViewController.swift in Sources */,
				C4A1513827B0ECD000C95344 /* OnboardingView.swift in Sources */,
				C408EA9B27AFFC8C004B82CB /* Models.swift in Sources */,
				C4A1516F27B1359C00C95344 /* OTPTextFieldImplementation.swift in Sources */,
				C408EA7D27AFFC8C004B82CB /* Animations.swift in Sources */,
				C4D82A9227BFE1BB0058334F /* PhoneCodeAuthProvider.swift in Sources */,
				C408EA9C27AFFC8C004B82CB /* Configuration.swift in Sources */,
				C408EA8327AFFC8C004B82CB /* JSONValue.swift in Sources */,
				C4D82AA127BFF6F10058334F /* ProfileAPI.swift in Sources */,
				C4D82A8F27BFDDD80058334F /* PhoneAuthProvider.swift in Sources */,
				C4A1515B27B1030C00C95344 /* FloatingTextField.swift in Sources */,
				C4D82A8527BFDC960058334F /* AuthRequest.swift in Sources */,
				C408EA8927AFFC8C004B82CB /* APIs.swift in Sources */,
				C4A1513527B0ECB100C95344 /* OnboardingViewController.swift in Sources */,
				C4A1514F27B0FB9300C95344 /* PhoneAuthView.swift in Sources */,
				C408EA9927AFFC8C004B82CB /* Extensions.swift in Sources */,
				C408EA7727AFFC8C004B82CB /* Bundle+Version.swift in Sources */,
				C408EAA127AFFC8C004B82CB /* KeychainService.swift in Sources */,
				C408EA7927AFFC8C004B82CB /* Bundle+Current.swift in Sources */,
				C4A1515727B0FCCB00C95344 /* ViewProviding.swift in Sources */,
				C4D82AA927C0AECE0058334F /* AccountRegisterSecondaryViewController.swift in Sources */,
				C408EA9F27AFFC8C004B82CB /* AppDelegate.swift in Sources */,
				C4D82A8C27BFDD480058334F /* AuthConfirmRequest.swift in Sources */,
				C408EA7427AFFC8C004B82CB /* UIColor+Hex.swift in Sources */,
				C408EAB127B000D7004B82CB /* Constants.swift in Sources */,
				C4D82A8A27BFDCFC0058334F /* SuccessResponse.swift in Sources */,
				C408EA6F27AFFC8C004B82CB /* UIDevice+Model.swift in Sources */,
				C4D82A9F27BFEFC10058334F /* AccountRegisterPrimaryProvider.swift in Sources */,
				C4A1516A27B1232800C95344 /* UIView+Shadow.swift in Sources */,
				C408EA7C27AFFC8C004B82CB /* ModelError.swift in Sources */,
				C4D82A9C27BFED200058334F /* UIStackView+Init.swift in Sources */,
				C408EAA227AFFC8C004B82CB /* AuthService.swift in Sources */,
				C4D82A9827BFE7310058334F /* User.swift in Sources */,
				C408EA7227AFFC8C004B82CB /* RootView.swift in Sources */,
				C408EA7327AFFC8C004B82CB /* UIView+Underlined.swift in Sources */,
				C4A1515827B0FCCB00C95344 /* KeyboardMonitor.swift in Sources */,
				C4D82A9427BFE4470058334F /* AuthConfirmResponse.swift in Sources */,
				C408EAAA27AFFF72004B82CB /* LaunchViewController.swift in Sources */,
				C4A1515D27B111DE00C95344 /* String+PhonePattern.swift in Sources */,
				C4D82AB227C0B8D50058334F /* StyledTextField.swift in Sources */,
				C408EAA027AFFC8C004B82CB /* LoggerService.swift in Sources */,
				C408EA9E27AFFC8C004B82CB /* Autowired.swift in Sources */,
				C4A1514927B0F8A800C95344 /* ActiveButton.swift in Sources */,
				C408EA8827AFFC8C004B82CB /* JSONEncodableEncoding.swift in Sources */,
				C4A1516D27B1356F00C95344 /* OTPTextField.swift in Sources */,
				C408EA7627AFFC8C004B82CB /* UIButton+BackgroundColoroForState.swift in Sources */,
				C4D82AA427BFF7430058334F /* ProfileUpdateRequest.swift in Sources */,
				C4A1515527B0FCCB00C95344 /* KeyboardObserver.swift in Sources */,
				C4A1517527B17E4B00C95344 /* AccountRegisterPrimaryView.swift in Sources */,
				C408EA7A27AFFC8C004B82CB /* ListCollectionContext+Dequeue.swift in Sources */,
				C408EA7E27AFFC8C004B82CB /* UserSettings.swift in Sources */,
				C408EA8727AFFC8C004B82CB /* CodableHelper.swift in Sources */,
				C4D82AAA27C0AECE0058334F /* AccountRegisterSecondaryView.swift in Sources */,
				C4D82AAE27C0AEE80058334F /* AccountRegisterSecondaryProvider.swift in Sources */,
				C4A1516127B11D2100C95344 /* PhoneCodeAuthViewController.swift in Sources */,
				C408EA8627AFFC8C004B82CB /* AuthAPI.swift in Sources */,
				C408EA7027AFFC8C004B82CB /* SwipeNavigationController.swift in Sources */,
				C408EA9D27AFFC8C004B82CB /* ServiceLocator.swift in Sources */,
				C408EA7B27AFFC8C004B82CB /* LoadingState.swift in Sources */,
				C408EAAF27B0005F004B82CB /* R.generated.swift in Sources */,
				C4A1515627B0FCCB00C95344 /* ConstraintKeyboardObserver.swift in Sources */,
				C408EA8027AFFC8C004B82CB /* LaunchService.swift in Sources */,
				C4D82A9A27BFE7710058334F /* Profile.swift in Sources */,
				C408EA7827AFFC8C004B82CB /* UserDefaults+SaveStruct.swift in Sources */,
				C408EA7F27AFFC8C004B82CB /* Utils.swift in Sources */,
				C4A1516227B11D2100C95344 /* PhoneCodeAuthView.swift in Sources */,
				C408EA9A27AFFC8C004B82CB /* JSONEncodingHelper.swift in Sources */,
				C408EA8227AFFC8C004B82CB /* AlamofireImplementations.swift in Sources */,
				C4A1514E27B0FB9300C95344 /* PhoneAuthViewController.swift in Sources */,
				C408EA6E27AFFC8C004B82CB /* PagingFlowLayout.swift in Sources */,
				C4D82A9627BFE5A20058334F /* EmptyData.swift in Sources */,
			);
			runOnlyForDeploymentPostprocessing = 0;
		};
/* End PBXSourcesBuildPhase section */

/* Begin XCBuildConfiguration section */
		C408EA1E27AFFA08004B82CB /* Debug */ = {
			isa = XCBuildConfiguration;
			buildSettings = {
				ALWAYS_SEARCH_USER_PATHS = NO;
				CLANG_ANALYZER_NONNULL = YES;
				CLANG_ANALYZER_NUMBER_OBJECT_CONVERSION = YES_AGGRESSIVE;
				CLANG_CXX_LANGUAGE_STANDARD = "gnu++17";
				CLANG_CXX_LIBRARY = "libc++";
				CLANG_ENABLE_MODULES = YES;
				CLANG_ENABLE_OBJC_ARC = YES;
				CLANG_ENABLE_OBJC_WEAK = YES;
				CLANG_WARN_BLOCK_CAPTURE_AUTORELEASING = YES;
				CLANG_WARN_BOOL_CONVERSION = YES;
				CLANG_WARN_COMMA = YES;
				CLANG_WARN_CONSTANT_CONVERSION = YES;
				CLANG_WARN_DEPRECATED_OBJC_IMPLEMENTATIONS = YES;
				CLANG_WARN_DIRECT_OBJC_ISA_USAGE = YES_ERROR;
				CLANG_WARN_DOCUMENTATION_COMMENTS = YES;
				CLANG_WARN_EMPTY_BODY = YES;
				CLANG_WARN_ENUM_CONVERSION = YES;
				CLANG_WARN_INFINITE_RECURSION = YES;
				CLANG_WARN_INT_CONVERSION = YES;
				CLANG_WARN_NON_LITERAL_NULL_CONVERSION = YES;
				CLANG_WARN_OBJC_IMPLICIT_RETAIN_SELF = YES;
				CLANG_WARN_OBJC_LITERAL_CONVERSION = YES;
				CLANG_WARN_OBJC_ROOT_CLASS = YES_ERROR;
				CLANG_WARN_QUOTED_INCLUDE_IN_FRAMEWORK_HEADER = YES;
				CLANG_WARN_RANGE_LOOP_ANALYSIS = YES;
				CLANG_WARN_STRICT_PROTOTYPES = YES;
				CLANG_WARN_SUSPICIOUS_MOVE = YES;
				CLANG_WARN_UNGUARDED_AVAILABILITY = YES_AGGRESSIVE;
				CLANG_WARN_UNREACHABLE_CODE = YES;
				CLANG_WARN__DUPLICATE_METHOD_MATCH = YES;
				COPY_PHASE_STRIP = NO;
				DEBUG_INFORMATION_FORMAT = dwarf;
				ENABLE_STRICT_OBJC_MSGSEND = YES;
				ENABLE_TESTABILITY = YES;
				GCC_C_LANGUAGE_STANDARD = gnu11;
				GCC_DYNAMIC_NO_PIC = NO;
				GCC_NO_COMMON_BLOCKS = YES;
				GCC_OPTIMIZATION_LEVEL = 0;
				GCC_PREPROCESSOR_DEFINITIONS = (
					"DEBUG=1",
					"$(inherited)",
				);
				GCC_WARN_64_TO_32_BIT_CONVERSION = YES;
				GCC_WARN_ABOUT_RETURN_TYPE = YES_ERROR;
				GCC_WARN_UNDECLARED_SELECTOR = YES;
				GCC_WARN_UNINITIALIZED_AUTOS = YES_AGGRESSIVE;
				GCC_WARN_UNUSED_FUNCTION = YES;
				GCC_WARN_UNUSED_VARIABLE = YES;
				IPHONEOS_DEPLOYMENT_TARGET = 13.2;
				MTL_ENABLE_DEBUG_INFO = INCLUDE_SOURCE;
				MTL_FAST_MATH = YES;
				ONLY_ACTIVE_ARCH = YES;
				SDKROOT = iphoneos;
				SWIFT_ACTIVE_COMPILATION_CONDITIONS = DEBUG;
				SWIFT_OPTIMIZATION_LEVEL = "-Onone";
			};
			name = Debug;
		};
		C408EA1F27AFFA08004B82CB /* Release */ = {
			isa = XCBuildConfiguration;
			buildSettings = {
				ALWAYS_SEARCH_USER_PATHS = NO;
				CLANG_ANALYZER_NONNULL = YES;
				CLANG_ANALYZER_NUMBER_OBJECT_CONVERSION = YES_AGGRESSIVE;
				CLANG_CXX_LANGUAGE_STANDARD = "gnu++17";
				CLANG_CXX_LIBRARY = "libc++";
				CLANG_ENABLE_MODULES = YES;
				CLANG_ENABLE_OBJC_ARC = YES;
				CLANG_ENABLE_OBJC_WEAK = YES;
				CLANG_WARN_BLOCK_CAPTURE_AUTORELEASING = YES;
				CLANG_WARN_BOOL_CONVERSION = YES;
				CLANG_WARN_COMMA = YES;
				CLANG_WARN_CONSTANT_CONVERSION = YES;
				CLANG_WARN_DEPRECATED_OBJC_IMPLEMENTATIONS = YES;
				CLANG_WARN_DIRECT_OBJC_ISA_USAGE = YES_ERROR;
				CLANG_WARN_DOCUMENTATION_COMMENTS = YES;
				CLANG_WARN_EMPTY_BODY = YES;
				CLANG_WARN_ENUM_CONVERSION = YES;
				CLANG_WARN_INFINITE_RECURSION = YES;
				CLANG_WARN_INT_CONVERSION = YES;
				CLANG_WARN_NON_LITERAL_NULL_CONVERSION = YES;
				CLANG_WARN_OBJC_IMPLICIT_RETAIN_SELF = YES;
				CLANG_WARN_OBJC_LITERAL_CONVERSION = YES;
				CLANG_WARN_OBJC_ROOT_CLASS = YES_ERROR;
				CLANG_WARN_QUOTED_INCLUDE_IN_FRAMEWORK_HEADER = YES;
				CLANG_WARN_RANGE_LOOP_ANALYSIS = YES;
				CLANG_WARN_STRICT_PROTOTYPES = YES;
				CLANG_WARN_SUSPICIOUS_MOVE = YES;
				CLANG_WARN_UNGUARDED_AVAILABILITY = YES_AGGRESSIVE;
				CLANG_WARN_UNREACHABLE_CODE = YES;
				CLANG_WARN__DUPLICATE_METHOD_MATCH = YES;
				COPY_PHASE_STRIP = NO;
				DEBUG_INFORMATION_FORMAT = "dwarf-with-dsym";
				ENABLE_NS_ASSERTIONS = NO;
				ENABLE_STRICT_OBJC_MSGSEND = YES;
				GCC_C_LANGUAGE_STANDARD = gnu11;
				GCC_NO_COMMON_BLOCKS = YES;
				GCC_WARN_64_TO_32_BIT_CONVERSION = YES;
				GCC_WARN_ABOUT_RETURN_TYPE = YES_ERROR;
				GCC_WARN_UNDECLARED_SELECTOR = YES;
				GCC_WARN_UNINITIALIZED_AUTOS = YES_AGGRESSIVE;
				GCC_WARN_UNUSED_FUNCTION = YES;
				GCC_WARN_UNUSED_VARIABLE = YES;
				IPHONEOS_DEPLOYMENT_TARGET = 13.2;
				MTL_ENABLE_DEBUG_INFO = NO;
				MTL_FAST_MATH = YES;
				SDKROOT = iphoneos;
				SWIFT_COMPILATION_MODE = wholemodule;
				SWIFT_OPTIMIZATION_LEVEL = "-O";
				VALIDATE_PRODUCT = YES;
			};
			name = Release;
		};
		C408EA2127AFFA08004B82CB /* Debug */ = {
			isa = XCBuildConfiguration;
			baseConfigurationReference = E226CEC760F49CA56911ADB2 /* Pods-walking-siberia.debug.xcconfig */;
			buildSettings = {
				ASSETCATALOG_COMPILER_APPICON_NAME = AppIcon;
				ASSETCATALOG_COMPILER_GLOBAL_ACCENT_COLOR_NAME = AccentColor;
				CODE_SIGN_STYLE = Automatic;
				CURRENT_PROJECT_VERSION = 1;
				DEVELOPMENT_TEAM = ZDQ89335V8;
				GENERATE_INFOPLIST_FILE = YES;
				INFOPLIST_FILE = "walking-siberia/Resource/Info.plist";
				INFOPLIST_KEY_CFBundleDisplayName = "Сибирь Шагающая";
				INFOPLIST_KEY_UIApplicationSupportsIndirectInputEvents = YES;
				INFOPLIST_KEY_UILaunchStoryboardName = LaunchViewController;
				INFOPLIST_KEY_UISupportedInterfaceOrientations = UIInterfaceOrientationPortrait;
				INFOPLIST_KEY_UISupportedInterfaceOrientations_iPad = "UIInterfaceOrientationPortrait UIInterfaceOrientationPortraitUpsideDown UIInterfaceOrientationLandscapeLeft UIInterfaceOrientationLandscapeRight";
				INFOPLIST_KEY_UISupportedInterfaceOrientations_iPhone = "UIInterfaceOrientationPortrait UIInterfaceOrientationLandscapeLeft UIInterfaceOrientationLandscapeRight";
				IPHONEOS_DEPLOYMENT_TARGET = 13.4;
				LD_RUNPATH_SEARCH_PATHS = (
					"$(inherited)",
					"@executable_path/Frameworks",
				);
				MARKETING_VERSION = 1.0;
				PRODUCT_BUNDLE_IDENTIFIER = "ru.abs.walking-siberia";
				PRODUCT_NAME = "$(TARGET_NAME)";
				SWIFT_EMIT_LOC_STRINGS = YES;
				SWIFT_VERSION = 5.0;
				TARGETED_DEVICE_FAMILY = 1;
			};
			name = Debug;
		};
		C408EA2227AFFA08004B82CB /* Release */ = {
			isa = XCBuildConfiguration;
			baseConfigurationReference = 41034ADFBEC5F559FA43C170 /* Pods-walking-siberia.release.xcconfig */;
			buildSettings = {
				ASSETCATALOG_COMPILER_APPICON_NAME = AppIcon;
				ASSETCATALOG_COMPILER_GLOBAL_ACCENT_COLOR_NAME = AccentColor;
				CODE_SIGN_STYLE = Automatic;
				CURRENT_PROJECT_VERSION = 1;
				DEVELOPMENT_TEAM = ZDQ89335V8;
				GENERATE_INFOPLIST_FILE = YES;
				INFOPLIST_FILE = "walking-siberia/Resource/Info.plist";
				INFOPLIST_KEY_CFBundleDisplayName = "Сибирь Шагающая";
				INFOPLIST_KEY_UIApplicationSupportsIndirectInputEvents = YES;
				INFOPLIST_KEY_UILaunchStoryboardName = LaunchViewController;
				INFOPLIST_KEY_UISupportedInterfaceOrientations = UIInterfaceOrientationPortrait;
				INFOPLIST_KEY_UISupportedInterfaceOrientations_iPad = "UIInterfaceOrientationPortrait UIInterfaceOrientationPortraitUpsideDown UIInterfaceOrientationLandscapeLeft UIInterfaceOrientationLandscapeRight";
				INFOPLIST_KEY_UISupportedInterfaceOrientations_iPhone = "UIInterfaceOrientationPortrait UIInterfaceOrientationLandscapeLeft UIInterfaceOrientationLandscapeRight";
				IPHONEOS_DEPLOYMENT_TARGET = 13.4;
				LD_RUNPATH_SEARCH_PATHS = (
					"$(inherited)",
					"@executable_path/Frameworks",
				);
				MARKETING_VERSION = 1.0;
				PRODUCT_BUNDLE_IDENTIFIER = "ru.abs.walking-siberia";
				PRODUCT_NAME = "$(TARGET_NAME)";
				SWIFT_EMIT_LOC_STRINGS = YES;
				SWIFT_VERSION = 5.0;
				TARGETED_DEVICE_FAMILY = 1;
			};
			name = Release;
		};
/* End XCBuildConfiguration section */

/* Begin XCConfigurationList section */
		C408EA0727AFFA06004B82CB /* Build configuration list for PBXProject "walking-siberia" */ = {
			isa = XCConfigurationList;
			buildConfigurations = (
				C408EA1E27AFFA08004B82CB /* Debug */,
				C408EA1F27AFFA08004B82CB /* Release */,
			);
			defaultConfigurationIsVisible = 0;
			defaultConfigurationName = Release;
		};
		C408EA2027AFFA08004B82CB /* Build configuration list for PBXNativeTarget "walking-siberia" */ = {
			isa = XCConfigurationList;
			buildConfigurations = (
				C408EA2127AFFA08004B82CB /* Debug */,
				C408EA2227AFFA08004B82CB /* Release */,
			);
			defaultConfigurationIsVisible = 0;
			defaultConfigurationName = Release;
		};
/* End XCConfigurationList section */
	};
	rootObject = C408EA0427AFFA06004B82CB /* Project object */;
}
